// !$*UTF8*$!
{
	archiveVersion = 1;
	classes = {
	};
	objectVersion = 46;
	objects = {

/* Begin PBXBuildFile section */
		716336C81BD0438600520A29 /* AppDelegate.swift in Sources */ = {isa = PBXBuildFile; fileRef = 716336C71BD0438600520A29 /* AppDelegate.swift */; };
		716336CA1BD0438600520A29 /* ViewController.swift in Sources */ = {isa = PBXBuildFile; fileRef = 716336C91BD0438600520A29 /* ViewController.swift */; };
		716336CD1BD0438600520A29 /* Main.storyboard in Resources */ = {isa = PBXBuildFile; fileRef = 716336CB1BD0438600520A29 /* Main.storyboard */; };
		716336CF1BD0438600520A29 /* Assets.xcassets in Resources */ = {isa = PBXBuildFile; fileRef = 716336CE1BD0438600520A29 /* Assets.xcassets */; };
		716336D21BD0438600520A29 /* LaunchScreen.storyboard in Resources */ = {isa = PBXBuildFile; fileRef = 716336D01BD0438600520A29 /* LaunchScreen.storyboard */; };
		716336DD1BD0438600520A29 /* DragItTests.swift in Sources */ = {isa = PBXBuildFile; fileRef = 716336DC1BD0438600520A29 /* DragItTests.swift */; };
		716336E81BD0438600520A29 /* DragItUITests.swift in Sources */ = {isa = PBXBuildFile; fileRef = 716336E71BD0438600520A29 /* DragItUITests.swift */; };
		716336F91BD0450A00520A29 /* arrow_down.png in Resources */ = {isa = PBXBuildFile; fileRef = 716336F61BD0450A00520A29 /* arrow_down.png */; settings = {ASSET_TAGS = (); }; };
		716336FA1BD0450A00520A29 /* arrow_down@2x.png in Resources */ = {isa = PBXBuildFile; fileRef = 716336F71BD0450A00520A29 /* arrow_down@2x.png */; settings = {ASSET_TAGS = (); }; };
		716336FB1BD0450A00520A29 /* arrow_down@3x.png in Resources */ = {isa = PBXBuildFile; fileRef = 716336F81BD0450A00520A29 /* arrow_down@3x.png */; settings = {ASSET_TAGS = (); }; };
		716336FD1BD04BCB00520A29 /* DragItViewController.swift in Sources */ = {isa = PBXBuildFile; fileRef = 716336FC1BD04BCB00520A29 /* DragItViewController.swift */; settings = {ASSET_TAGS = (); }; };
		716337011BD06ACC00520A29 /* LICENSE in Resources */ = {isa = PBXBuildFile; fileRef = 716336FF1BD06ACC00520A29 /* LICENSE */; settings = {ASSET_TAGS = (); }; };
		716337031BD06AE400520A29 /* Settings.bundle in Resources */ = {isa = PBXBuildFile; fileRef = 716337021BD06AE400520A29 /* Settings.bundle */; settings = {ASSET_TAGS = (); }; };
		716337061BD06AF400520A29 /* BouncerBehavior.swift in Sources */ = {isa = PBXBuildFile; fileRef = 716337041BD06AF400520A29 /* BouncerBehavior.swift */; settings = {ASSET_TAGS = (); }; };
		716337071BD06AF400520A29 /* BouncerViewController.swift in Sources */ = {isa = PBXBuildFile; fileRef = 716337051BD06AF400520A29 /* BouncerViewController.swift */; settings = {ASSET_TAGS = (); }; };
		716337141BD06B8400520A29 /* iTunesArtwork@2x.png in Resources */ = {isa = PBXBuildFile; fileRef = 716337131BD06B8400520A29 /* iTunesArtwork@2x.png */; settings = {ASSET_TAGS = (); }; };
		716337291BD06B9000520A29 /* Icon-Small-29.png in Resources */ = {isa = PBXBuildFile; fileRef = 716337151BD06B9000520A29 /* Icon-Small-29.png */; settings = {ASSET_TAGS = (); }; };
		7163372A1BD06B9000520A29 /* Icon-29@2x.png in Resources */ = {isa = PBXBuildFile; fileRef = 716337161BD06B9000520A29 /* Icon-29@2x.png */; settings = {ASSET_TAGS = (); }; };
		7163372B1BD06B9000520A29 /* Icon-29@3x.png in Resources */ = {isa = PBXBuildFile; fileRef = 716337171BD06B9000520A29 /* Icon-29@3x.png */; settings = {ASSET_TAGS = (); }; };
		7163372C1BD06B9000520A29 /* Icon-Small-40.png in Resources */ = {isa = PBXBuildFile; fileRef = 716337181BD06B9000520A29 /* Icon-Small-40.png */; settings = {ASSET_TAGS = (); }; };
		7163372D1BD06B9000520A29 /* Icon-40@2x.png in Resources */ = {isa = PBXBuildFile; fileRef = 716337191BD06B9000520A29 /* Icon-40@2x.png */; settings = {ASSET_TAGS = (); }; };
		7163372E1BD06B9000520A29 /* Icon-50.png in Resources */ = {isa = PBXBuildFile; fileRef = 7163371A1BD06B9000520A29 /* Icon-50.png */; settings = {ASSET_TAGS = (); }; };
		7163372F1BD06B9000520A29 /* Icon-50@2x.png in Resources */ = {isa = PBXBuildFile; fileRef = 7163371B1BD06B9000520A29 /* Icon-50@2x.png */; settings = {ASSET_TAGS = (); }; };
		716337301BD06B9000520A29 /* Icon-57.png in Resources */ = {isa = PBXBuildFile; fileRef = 7163371C1BD06B9000520A29 /* Icon-57.png */; settings = {ASSET_TAGS = (); }; };
		716337311BD06B9000520A29 /* Icon-57@2x.png in Resources */ = {isa = PBXBuildFile; fileRef = 7163371D1BD06B9000520A29 /* Icon-57@2x.png */; settings = {ASSET_TAGS = (); }; };
		716337321BD06B9000520A29 /* Icon-24@2x.png in Resources */ = {isa = PBXBuildFile; fileRef = 7163371E1BD06B9000520A29 /* Icon-24@2x.png */; settings = {ASSET_TAGS = (); }; };
		716337331BD06B9000520A29 /* Icon-27.5@2x.png in Resources */ = {isa = PBXBuildFile; fileRef = 7163371F1BD06B9000520A29 /* Icon-27.5@2x.png */; settings = {ASSET_TAGS = (); }; };
		716337341BD06B9000520A29 /* Icon-44@2x.png in Resources */ = {isa = PBXBuildFile; fileRef = 716337201BD06B9000520A29 /* Icon-44@2x.png */; settings = {ASSET_TAGS = (); }; };
		716337351BD06B9000520A29 /* Icon-60@2x.png in Resources */ = {isa = PBXBuildFile; fileRef = 716337211BD06B9000520A29 /* Icon-60@2x.png */; settings = {ASSET_TAGS = (); }; };
		716337361BD06B9000520A29 /* Icon-60@3x.png in Resources */ = {isa = PBXBuildFile; fileRef = 716337221BD06B9000520A29 /* Icon-60@3x.png */; settings = {ASSET_TAGS = (); }; };
		716337371BD06B9000520A29 /* Icon-86@2x.png in Resources */ = {isa = PBXBuildFile; fileRef = 716337231BD06B9000520A29 /* Icon-86@2x.png */; settings = {ASSET_TAGS = (); }; };
		716337381BD06B9000520A29 /* Icon-98@2x.png in Resources */ = {isa = PBXBuildFile; fileRef = 716337241BD06B9000520A29 /* Icon-98@2x.png */; settings = {ASSET_TAGS = (); }; };
		716337391BD06B9000520A29 /* Icon-72.png in Resources */ = {isa = PBXBuildFile; fileRef = 716337251BD06B9000520A29 /* Icon-72.png */; settings = {ASSET_TAGS = (); }; };
		7163373A1BD06B9000520A29 /* Icon-72@2x.png in Resources */ = {isa = PBXBuildFile; fileRef = 716337261BD06B9000520A29 /* Icon-72@2x.png */; settings = {ASSET_TAGS = (); }; };
		7163373B1BD06B9000520A29 /* Icon-76.png in Resources */ = {isa = PBXBuildFile; fileRef = 716337271BD06B9000520A29 /* Icon-76.png */; settings = {ASSET_TAGS = (); }; };
		7163373C1BD06B9000520A29 /* Icon-76@2x.png in Resources */ = {isa = PBXBuildFile; fileRef = 716337281BD06B9000520A29 /* Icon-76@2x.png */; settings = {ASSET_TAGS = (); }; };
		7163373F1BD072DB00520A29 /* README.txt in Resources */ = {isa = PBXBuildFile; fileRef = 7163373E1BD072DB00520A29 /* README.txt */; settings = {ASSET_TAGS = (); }; };
		716337441BD0B88500520A29 /* Youre_Beautiful_-Phil_Wickham_{HD}.mp4 in Resources */ = {isa = PBXBuildFile; fileRef = 716337091BD06B5B00520A29 /* Youre_Beautiful_-Phil_Wickham_{HD}.mp4 */; };
		716337451BD0B88500520A29 /* CYMATICS_Science_Vs._Music_-_Nigel_Stanford.mp4 in Resources */ = {isa = PBXBuildFile; fileRef = 7163370A1BD06B5B00520A29 /* CYMATICS_Science_Vs._Music_-_Nigel_Stanford.mp4 */; };
		716337461BD0B88500520A29 /* Cornerstone_-_Hillsong_Live_(2012_Album_Cornerstone)_Lyrics_DVD_(Worship_Song_to_Jesus).mp4 in Resources */ = {isa = PBXBuildFile; fileRef = 7163370B1BD06B5B00520A29 /* Cornerstone_-_Hillsong_Live_(2012_Album_Cornerstone)_Lyrics_DVD_(Worship_Song_to_Jesus).mp4 */; };
		716337471BD0B88500520A29 /* Hillsong - Greater than All - with subtitles_lyrics.mp4 in Resources */ = {isa = PBXBuildFile; fileRef = 7163370C1BD06B5B00520A29 /* Hillsong - Greater than All - with subtitles_lyrics.mp4 */; };
		716337481BD0B88500520A29 /* How_to_Get_to_Mars._Very_Cool!_HD.mp4 in Resources */ = {isa = PBXBuildFile; fileRef = 7163370D1BD06B5B00520A29 /* How_to_Get_to_Mars._Very_Cool!_HD.mp4 */; };
		716337491BD0B88500520A29 /* Matthew_24.mp4 in Resources */ = {isa = PBXBuildFile; fileRef = 7163370E1BD06B5B00520A29 /* Matthew_24.mp4 */; };
		7163374A1BD0B88500520A29 /* Phil Wickham - This Is Amazing Grace.mp4 in Resources */ = {isa = PBXBuildFile; fileRef = 7163370F1BD06B5B00520A29 /* Phil Wickham - This Is Amazing Grace.mp4 */; };
		7163374B1BD0B88500520A29 /* Hillsong UNITED - Oceans [Passion 2014].mp4 in Resources */ = {isa = PBXBuildFile; fileRef = 716337101BD06B5B00520A29 /* Hillsong UNITED - Oceans [Passion 2014].mp4 */; };
		7163374C1BD0B88500520A29 /* Amazing_Grace_My_Chains_are_Gone_-_Chris_Tomlin_wi.mp4 in Resources */ = {isa = PBXBuildFile; fileRef = 716337111BD06B5B00520A29 /* Amazing_Grace_My_Chains_are_Gone_-_Chris_Tomlin_wi.mp4 */; };
/* End PBXBuildFile section */

/* Begin PBXContainerItemProxy section */
		716336D91BD0438600520A29 /* PBXContainerItemProxy */ = {
			isa = PBXContainerItemProxy;
			containerPortal = 716336BC1BD0438600520A29 /* Project object */;
			proxyType = 1;
			remoteGlobalIDString = 716336C31BD0438600520A29;
			remoteInfo = DragIt;
		};
		716336E41BD0438600520A29 /* PBXContainerItemProxy */ = {
			isa = PBXContainerItemProxy;
			containerPortal = 716336BC1BD0438600520A29 /* Project object */;
			proxyType = 1;
			remoteGlobalIDString = 716336C31BD0438600520A29;
			remoteInfo = DragIt;
		};
/* End PBXContainerItemProxy section */

/* Begin PBXFileReference section */
		716336C41BD0438600520A29 /* DragIt.app */ = {isa = PBXFileReference; explicitFileType = wrapper.application; includeInIndex = 0; path = DragIt.app; sourceTree = BUILT_PRODUCTS_DIR; };
		716336C71BD0438600520A29 /* AppDelegate.swift */ = {isa = PBXFileReference; lastKnownFileType = sourcecode.swift; path = AppDelegate.swift; sourceTree = "<group>"; };
		716336C91BD0438600520A29 /* ViewController.swift */ = {isa = PBXFileReference; lastKnownFileType = sourcecode.swift; path = ViewController.swift; sourceTree = "<group>"; };
		716336CC1BD0438600520A29 /* Base */ = {isa = PBXFileReference; lastKnownFileType = file.storyboard; name = Base; path = Base.lproj/Main.storyboard; sourceTree = "<group>"; };
		716336CE1BD0438600520A29 /* Assets.xcassets */ = {isa = PBXFileReference; lastKnownFileType = folder.assetcatalog; path = Assets.xcassets; sourceTree = "<group>"; };
		716336D11BD0438600520A29 /* Base */ = {isa = PBXFileReference; lastKnownFileType = file.storyboard; name = Base; path = Base.lproj/LaunchScreen.storyboard; sourceTree = "<group>"; };
		716336D31BD0438600520A29 /* Info.plist */ = {isa = PBXFileReference; lastKnownFileType = text.plist.xml; path = Info.plist; sourceTree = "<group>"; };
		716336D81BD0438600520A29 /* DragItTests.xctest */ = {isa = PBXFileReference; explicitFileType = wrapper.cfbundle; includeInIndex = 0; path = DragItTests.xctest; sourceTree = BUILT_PRODUCTS_DIR; };
		716336DC1BD0438600520A29 /* DragItTests.swift */ = {isa = PBXFileReference; lastKnownFileType = sourcecode.swift; path = DragItTests.swift; sourceTree = "<group>"; };
		716336DE1BD0438600520A29 /* Info.plist */ = {isa = PBXFileReference; lastKnownFileType = text.plist.xml; path = Info.plist; sourceTree = "<group>"; };
		716336E31BD0438600520A29 /* DragItUITests.xctest */ = {isa = PBXFileReference; explicitFileType = wrapper.cfbundle; includeInIndex = 0; path = DragItUITests.xctest; sourceTree = BUILT_PRODUCTS_DIR; };
		716336E71BD0438600520A29 /* DragItUITests.swift */ = {isa = PBXFileReference; lastKnownFileType = sourcecode.swift; path = DragItUITests.swift; sourceTree = "<group>"; };
		716336E91BD0438600520A29 /* Info.plist */ = {isa = PBXFileReference; lastKnownFileType = text.plist.xml; path = Info.plist; sourceTree = "<group>"; };
		716336F61BD0450A00520A29 /* arrow_down.png */ = {isa = PBXFileReference; lastKnownFileType = image.png; path = arrow_down.png; sourceTree = "<group>"; };
		716336F71BD0450A00520A29 /* arrow_down@2x.png */ = {isa = PBXFileReference; lastKnownFileType = image.png; path = "arrow_down@2x.png"; sourceTree = "<group>"; };
		716336F81BD0450A00520A29 /* arrow_down@3x.png */ = {isa = PBXFileReference; lastKnownFileType = image.png; path = "arrow_down@3x.png"; sourceTree = "<group>"; };
		716336FC1BD04BCB00520A29 /* DragItViewController.swift */ = {isa = PBXFileReference; fileEncoding = 4; lastKnownFileType = sourcecode.swift; path = DragItViewController.swift; sourceTree = "<group>"; };
		716336FF1BD06ACC00520A29 /* LICENSE */ = {isa = PBXFileReference; fileEncoding = 4; lastKnownFileType = text; path = LICENSE; sourceTree = "<group>"; };
		716337021BD06AE400520A29 /* Settings.bundle */ = {isa = PBXFileReference; lastKnownFileType = "wrapper.plug-in"; path = Settings.bundle; sourceTree = "<group>"; };
		716337041BD06AF400520A29 /* BouncerBehavior.swift */ = {isa = PBXFileReference; fileEncoding = 4; lastKnownFileType = sourcecode.swift; path = BouncerBehavior.swift; sourceTree = "<group>"; };
		716337051BD06AF400520A29 /* BouncerViewController.swift */ = {isa = PBXFileReference; fileEncoding = 4; lastKnownFileType = sourcecode.swift; path = BouncerViewController.swift; sourceTree = "<group>"; };
		716337091BD06B5B00520A29 /* Youre_Beautiful_-Phil_Wickham_{HD}.mp4 */ = {isa = PBXFileReference; lastKnownFileType = file; path = "Youre_Beautiful_-Phil_Wickham_{HD}.mp4"; sourceTree = "<group>"; };
		7163370A1BD06B5B00520A29 /* CYMATICS_Science_Vs._Music_-_Nigel_Stanford.mp4 */ = {isa = PBXFileReference; lastKnownFileType = file; path = "CYMATICS_Science_Vs._Music_-_Nigel_Stanford.mp4"; sourceTree = "<group>"; };
		7163370B1BD06B5B00520A29 /* Cornerstone_-_Hillsong_Live_(2012_Album_Cornerstone)_Lyrics_DVD_(Worship_Song_to_Jesus).mp4 */ = {isa = PBXFileReference; lastKnownFileType = file; path = "Cornerstone_-_Hillsong_Live_(2012_Album_Cornerstone)_Lyrics_DVD_(Worship_Song_to_Jesus).mp4"; sourceTree = "<group>"; };
		7163370C1BD06B5B00520A29 /* Hillsong - Greater than All - with subtitles_lyrics.mp4 */ = {isa = PBXFileReference; lastKnownFileType = file; path = "Hillsong - Greater than All - with subtitles_lyrics.mp4"; sourceTree = "<group>"; };
		7163370D1BD06B5B00520A29 /* How_to_Get_to_Mars._Very_Cool!_HD.mp4 */ = {isa = PBXFileReference; lastKnownFileType = file; path = "How_to_Get_to_Mars._Very_Cool!_HD.mp4"; sourceTree = "<group>"; };
		7163370E1BD06B5B00520A29 /* Matthew_24.mp4 */ = {isa = PBXFileReference; lastKnownFileType = file; path = Matthew_24.mp4; sourceTree = "<group>"; };
		7163370F1BD06B5B00520A29 /* Phil Wickham - This Is Amazing Grace.mp4 */ = {isa = PBXFileReference; lastKnownFileType = file; path = "Phil Wickham - This Is Amazing Grace.mp4"; sourceTree = "<group>"; };
		716337101BD06B5B00520A29 /* Hillsong UNITED - Oceans [Passion 2014].mp4 */ = {isa = PBXFileReference; lastKnownFileType = file; path = "Hillsong UNITED - Oceans [Passion 2014].mp4"; sourceTree = "<group>"; };
		716337111BD06B5B00520A29 /* Amazing_Grace_My_Chains_are_Gone_-_Chris_Tomlin_wi.mp4 */ = {isa = PBXFileReference; lastKnownFileType = file; path = "Amazing_Grace_My_Chains_are_Gone_-_Chris_Tomlin_wi.mp4"; sourceTree = "<group>"; };
		716337131BD06B8400520A29 /* iTunesArtwork@2x.png */ = {isa = PBXFileReference; lastKnownFileType = image.png; path = "iTunesArtwork@2x.png"; sourceTree = "<group>"; };
		716337151BD06B9000520A29 /* Icon-Small-29.png */ = {isa = PBXFileReference; lastKnownFileType = image.png; path = "Icon-Small-29.png"; sourceTree = "<group>"; };
		716337161BD06B9000520A29 /* Icon-29@2x.png */ = {isa = PBXFileReference; lastKnownFileType = image.png; path = "Icon-29@2x.png"; sourceTree = "<group>"; };
		716337171BD06B9000520A29 /* Icon-29@3x.png */ = {isa = PBXFileReference; lastKnownFileType = image.png; path = "Icon-29@3x.png"; sourceTree = "<group>"; };
		716337181BD06B9000520A29 /* Icon-Small-40.png */ = {isa = PBXFileReference; lastKnownFileType = image.png; path = "Icon-Small-40.png"; sourceTree = "<group>"; };
		716337191BD06B9000520A29 /* Icon-40@2x.png */ = {isa = PBXFileReference; lastKnownFileType = image.png; path = "Icon-40@2x.png"; sourceTree = "<group>"; };
		7163371A1BD06B9000520A29 /* Icon-50.png */ = {isa = PBXFileReference; lastKnownFileType = image.png; path = "Icon-50.png"; sourceTree = "<group>"; };
		7163371B1BD06B9000520A29 /* Icon-50@2x.png */ = {isa = PBXFileReference; lastKnownFileType = image.png; path = "Icon-50@2x.png"; sourceTree = "<group>"; };
		7163371C1BD06B9000520A29 /* Icon-57.png */ = {isa = PBXFileReference; lastKnownFileType = image.png; path = "Icon-57.png"; sourceTree = "<group>"; };
		7163371D1BD06B9000520A29 /* Icon-57@2x.png */ = {isa = PBXFileReference; lastKnownFileType = image.png; path = "Icon-57@2x.png"; sourceTree = "<group>"; };
		7163371E1BD06B9000520A29 /* Icon-24@2x.png */ = {isa = PBXFileReference; lastKnownFileType = image.png; path = "Icon-24@2x.png"; sourceTree = "<group>"; };
		7163371F1BD06B9000520A29 /* Icon-27.5@2x.png */ = {isa = PBXFileReference; lastKnownFileType = image.png; path = "Icon-27.5@2x.png"; sourceTree = "<group>"; };
		716337201BD06B9000520A29 /* Icon-44@2x.png */ = {isa = PBXFileReference; lastKnownFileType = image.png; path = "Icon-44@2x.png"; sourceTree = "<group>"; };
		716337211BD06B9000520A29 /* Icon-60@2x.png */ = {isa = PBXFileReference; lastKnownFileType = image.png; path = "Icon-60@2x.png"; sourceTree = "<group>"; };
		716337221BD06B9000520A29 /* Icon-60@3x.png */ = {isa = PBXFileReference; lastKnownFileType = image.png; path = "Icon-60@3x.png"; sourceTree = "<group>"; };
		716337231BD06B9000520A29 /* Icon-86@2x.png */ = {isa = PBXFileReference; lastKnownFileType = image.png; path = "Icon-86@2x.png"; sourceTree = "<group>"; };
		716337241BD06B9000520A29 /* Icon-98@2x.png */ = {isa = PBXFileReference; lastKnownFileType = image.png; path = "Icon-98@2x.png"; sourceTree = "<group>"; };
		716337251BD06B9000520A29 /* Icon-72.png */ = {isa = PBXFileReference; lastKnownFileType = image.png; path = "Icon-72.png"; sourceTree = "<group>"; };
		716337261BD06B9000520A29 /* Icon-72@2x.png */ = {isa = PBXFileReference; lastKnownFileType = image.png; path = "Icon-72@2x.png"; sourceTree = "<group>"; };
		716337271BD06B9000520A29 /* Icon-76.png */ = {isa = PBXFileReference; lastKnownFileType = image.png; path = "Icon-76.png"; sourceTree = "<group>"; };
		716337281BD06B9000520A29 /* Icon-76@2x.png */ = {isa = PBXFileReference; lastKnownFileType = image.png; path = "Icon-76@2x.png"; sourceTree = "<group>"; };
		7163373E1BD072DB00520A29 /* README.txt */ = {isa = PBXFileReference; fileEncoding = 4; lastKnownFileType = text; path = README.txt; sourceTree = "<group>"; };
/* End PBXFileReference section */

/* Begin PBXFrameworksBuildPhase section */
		716336C11BD0438600520A29 /* Frameworks */ = {
			isa = PBXFrameworksBuildPhase;
			buildActionMask = 2147483647;
			files = (
			);
			runOnlyForDeploymentPostprocessing = 0;
		};
		716336D51BD0438600520A29 /* Frameworks */ = {
			isa = PBXFrameworksBuildPhase;
			buildActionMask = 2147483647;
			files = (
			);
			runOnlyForDeploymentPostprocessing = 0;
		};
		716336E01BD0438600520A29 /* Frameworks */ = {
			isa = PBXFrameworksBuildPhase;
			buildActionMask = 2147483647;
			files = (
			);
			runOnlyForDeploymentPostprocessing = 0;
		};
/* End PBXFrameworksBuildPhase section */

/* Begin PBXGroup section */
		716336BB1BD0438600520A29 = {
			isa = PBXGroup;
			children = (
				716336C61BD0438600520A29 /* DragIt */,
				716336F51BD044F000520A29 /* Assets */,
				716337081BD06B2300520A29 /* Videos */,
				716336DB1BD0438600520A29 /* DragItTests */,
				716336E61BD0438600520A29 /* DragItUITests */,
				716336C51BD0438600520A29 /* Products */,
			);
			sourceTree = "<group>";
		};
		716336C51BD0438600520A29 /* Products */ = {
			isa = PBXGroup;
			children = (
				716336C41BD0438600520A29 /* DragIt.app */,
				716336D81BD0438600520A29 /* DragItTests.xctest */,
				716336E31BD0438600520A29 /* DragItUITests.xctest */,
			);
			name = Products;
			sourceTree = "<group>";
		};
		716336C61BD0438600520A29 /* DragIt */ = {
			isa = PBXGroup;
			children = (
				7163373E1BD072DB00520A29 /* README.txt */,
				716336FF1BD06ACC00520A29 /* LICENSE */,
				716337021BD06AE400520A29 /* Settings.bundle */,
				716336C71BD0438600520A29 /* AppDelegate.swift */,
				716337041BD06AF400520A29 /* BouncerBehavior.swift */,
				716337051BD06AF400520A29 /* BouncerViewController.swift */,
				716336FC1BD04BCB00520A29 /* DragItViewController.swift */,
				716336CB1BD0438600520A29 /* Main.storyboard */,
				716336CE1BD0438600520A29 /* Assets.xcassets */,
				716336D01BD0438600520A29 /* LaunchScreen.storyboard */,
				716336C91BD0438600520A29 /* ViewController.swift */,
				716336D31BD0438600520A29 /* Info.plist */,
			);
			path = DragIt;
			sourceTree = "<group>";
		};
		716336DB1BD0438600520A29 /* DragItTests */ = {
			isa = PBXGroup;
			children = (
				716336DC1BD0438600520A29 /* DragItTests.swift */,
				716336DE1BD0438600520A29 /* Info.plist */,
			);
			path = DragItTests;
			sourceTree = "<group>";
		};
		716336E61BD0438600520A29 /* DragItUITests */ = {
			isa = PBXGroup;
			children = (
				716336E71BD0438600520A29 /* DragItUITests.swift */,
				716336E91BD0438600520A29 /* Info.plist */,
			);
			path = DragItUITests;
			sourceTree = "<group>";
		};
		716336F51BD044F000520A29 /* Assets */ = {
			isa = PBXGroup;
			children = (
				716337131BD06B8400520A29 /* iTunesArtwork@2x.png */,
				716337121BD06B7300520A29 /* Icons */,
				7163373D1BD06BA000520A29 /* Images */,
			);
			name = Assets;
			path = DragIt;
			sourceTree = "<group>";
		};
		716337081BD06B2300520A29 /* Videos */ = {
			isa = PBXGroup;
			children = (
				716337091BD06B5B00520A29 /* Youre_Beautiful_-Phil_Wickham_{HD}.mp4 */,
				7163370A1BD06B5B00520A29 /* CYMATICS_Science_Vs._Music_-_Nigel_Stanford.mp4 */,
				7163370B1BD06B5B00520A29 /* Cornerstone_-_Hillsong_Live_(2012_Album_Cornerstone)_Lyrics_DVD_(Worship_Song_to_Jesus).mp4 */,
				7163370C1BD06B5B00520A29 /* Hillsong - Greater than All - with subtitles_lyrics.mp4 */,
				7163370D1BD06B5B00520A29 /* How_to_Get_to_Mars._Very_Cool!_HD.mp4 */,
				7163370E1BD06B5B00520A29 /* Matthew_24.mp4 */,
				7163370F1BD06B5B00520A29 /* Phil Wickham - This Is Amazing Grace.mp4 */,
				716337101BD06B5B00520A29 /* Hillsong UNITED - Oceans [Passion 2014].mp4 */,
				716337111BD06B5B00520A29 /* Amazing_Grace_My_Chains_are_Gone_-_Chris_Tomlin_wi.mp4 */,
			);
			name = Videos;
			path = DragIt;
			sourceTree = "<group>";
		};
		716337121BD06B7300520A29 /* Icons */ = {
			isa = PBXGroup;
			children = (
				716337151BD06B9000520A29 /* Icon-Small-29.png */,
				716337161BD06B9000520A29 /* Icon-29@2x.png */,
				716337171BD06B9000520A29 /* Icon-29@3x.png */,
				716337181BD06B9000520A29 /* Icon-Small-40.png */,
				716337191BD06B9000520A29 /* Icon-40@2x.png */,
				7163371A1BD06B9000520A29 /* Icon-50.png */,
				7163371B1BD06B9000520A29 /* Icon-50@2x.png */,
				7163371C1BD06B9000520A29 /* Icon-57.png */,
				7163371D1BD06B9000520A29 /* Icon-57@2x.png */,
				7163371E1BD06B9000520A29 /* Icon-24@2x.png */,
				7163371F1BD06B9000520A29 /* Icon-27.5@2x.png */,
				716337201BD06B9000520A29 /* Icon-44@2x.png */,
				716337211BD06B9000520A29 /* Icon-60@2x.png */,
				716337221BD06B9000520A29 /* Icon-60@3x.png */,
				716337231BD06B9000520A29 /* Icon-86@2x.png */,
				716337241BD06B9000520A29 /* Icon-98@2x.png */,
				716337251BD06B9000520A29 /* Icon-72.png */,
				716337261BD06B9000520A29 /* Icon-72@2x.png */,
				716337271BD06B9000520A29 /* Icon-76.png */,
				716337281BD06B9000520A29 /* Icon-76@2x.png */,
			);
			name = Icons;
			sourceTree = "<group>";
		};
		7163373D1BD06BA000520A29 /* Images */ = {
			isa = PBXGroup;
			children = (
				716336F61BD0450A00520A29 /* arrow_down.png */,
				716336F71BD0450A00520A29 /* arrow_down@2x.png */,
				716336F81BD0450A00520A29 /* arrow_down@3x.png */,
			);
			name = Images;
			sourceTree = "<group>";
		};
/* End PBXGroup section */

/* Begin PBXNativeTarget section */
		716336C31BD0438600520A29 /* DragIt */ = {
			isa = PBXNativeTarget;
			buildConfigurationList = 716336EC1BD0438600520A29 /* Build configuration list for PBXNativeTarget "DragIt" */;
			buildPhases = (
				716336C01BD0438600520A29 /* Sources */,
				716336C11BD0438600520A29 /* Frameworks */,
				716336C21BD0438600520A29 /* Resources */,
			);
			buildRules = (
			);
			dependencies = (
			);
			name = DragIt;
			productName = DragIt;
			productReference = 716336C41BD0438600520A29 /* DragIt.app */;
			productType = "com.apple.product-type.application";
		};
		716336D71BD0438600520A29 /* DragItTests */ = {
			isa = PBXNativeTarget;
			buildConfigurationList = 716336EF1BD0438600520A29 /* Build configuration list for PBXNativeTarget "DragItTests" */;
			buildPhases = (
				716336D41BD0438600520A29 /* Sources */,
				716336D51BD0438600520A29 /* Frameworks */,
				716336D61BD0438600520A29 /* Resources */,
			);
			buildRules = (
			);
			dependencies = (
				716336DA1BD0438600520A29 /* PBXTargetDependency */,
			);
			name = DragItTests;
			productName = DragItTests;
			productReference = 716336D81BD0438600520A29 /* DragItTests.xctest */;
			productType = "com.apple.product-type.bundle.unit-test";
		};
		716336E21BD0438600520A29 /* DragItUITests */ = {
			isa = PBXNativeTarget;
			buildConfigurationList = 716336F21BD0438600520A29 /* Build configuration list for PBXNativeTarget "DragItUITests" */;
			buildPhases = (
				716336DF1BD0438600520A29 /* Sources */,
				716336E01BD0438600520A29 /* Frameworks */,
				716336E11BD0438600520A29 /* Resources */,
			);
			buildRules = (
			);
			dependencies = (
				716336E51BD0438600520A29 /* PBXTargetDependency */,
			);
			name = DragItUITests;
			productName = DragItUITests;
			productReference = 716336E31BD0438600520A29 /* DragItUITests.xctest */;
			productType = "com.apple.product-type.bundle.ui-testing";
		};
/* End PBXNativeTarget section */

/* Begin PBXProject section */
		716336BC1BD0438600520A29 /* Project object */ = {
			isa = PBXProject;
			attributes = {
				LastUpgradeCheck = 0700;
				ORGANIZATIONNAME = "iMac 27";
				TargetAttributes = {
					716336C31BD0438600520A29 = {
						CreatedOnToolsVersion = 7.0.1;
						DevelopmentTeam = 7P9362E76E;
					};
					716336D71BD0438600520A29 = {
						CreatedOnToolsVersion = 7.0.1;
						TestTargetID = 716336C31BD0438600520A29;
					};
					716336E21BD0438600520A29 = {
						CreatedOnToolsVersion = 7.0.1;
						TestTargetID = 716336C31BD0438600520A29;
					};
				};
			};
			buildConfigurationList = 716336BF1BD0438600520A29 /* Build configuration list for PBXProject "DragIt" */;
			compatibilityVersion = "Xcode 3.2";
			developmentRegion = English;
			hasScannedForEncodings = 0;
			knownRegions = (
				en,
				Base,
			);
			mainGroup = 716336BB1BD0438600520A29;
			productRefGroup = 716336C51BD0438600520A29 /* Products */;
			projectDirPath = "";
			projectRoot = "";
			targets = (
				716336C31BD0438600520A29 /* DragIt */,
				716336D71BD0438600520A29 /* DragItTests */,
				716336E21BD0438600520A29 /* DragItUITests */,
			);
		};
/* End PBXProject section */

/* Begin PBXResourcesBuildPhase section */
		716336C21BD0438600520A29 /* Resources */ = {
			isa = PBXResourcesBuildPhase;
			buildActionMask = 2147483647;
			files = (
				716337441BD0B88500520A29 /* Youre_Beautiful_-Phil_Wickham_{HD}.mp4 in Resources */,
				716337451BD0B88500520A29 /* CYMATICS_Science_Vs._Music_-_Nigel_Stanford.mp4 in Resources */,
				716337461BD0B88500520A29 /* Cornerstone_-_Hillsong_Live_(2012_Album_Cornerstone)_Lyrics_DVD_(Worship_Song_to_Jesus).mp4 in Resources */,
				716337471BD0B88500520A29 /* Hillsong - Greater than All - with subtitles_lyrics.mp4 in Resources */,
				716337481BD0B88500520A29 /* How_to_Get_to_Mars._Very_Cool!_HD.mp4 in Resources */,
				716337491BD0B88500520A29 /* Matthew_24.mp4 in Resources */,
				7163374A1BD0B88500520A29 /* Phil Wickham - This Is Amazing Grace.mp4 in Resources */,
				7163374B1BD0B88500520A29 /* Hillsong UNITED - Oceans [Passion 2014].mp4 in Resources */,
				7163374C1BD0B88500520A29 /* Amazing_Grace_My_Chains_are_Gone_-_Chris_Tomlin_wi.mp4 in Resources */,
				716337031BD06AE400520A29 /* Settings.bundle in Resources */,
				716337311BD06B9000520A29 /* Icon-57@2x.png in Resources */,
				7163373A1BD06B9000520A29 /* Icon-72@2x.png in Resources */,
				7163372A1BD06B9000520A29 /* Icon-29@2x.png in Resources */,
				7163373F1BD072DB00520A29 /* README.txt in Resources */,
				7163372E1BD06B9000520A29 /* Icon-50.png in Resources */,
				716337321BD06B9000520A29 /* Icon-24@2x.png in Resources */,
				716336D21BD0438600520A29 /* LaunchScreen.storyboard in Resources */,
				716337361BD06B9000520A29 /* Icon-60@3x.png in Resources */,
				716336FB1BD0450A00520A29 /* arrow_down@3x.png in Resources */,
				716337301BD06B9000520A29 /* Icon-57.png in Resources */,
				7163373C1BD06B9000520A29 /* Icon-76@2x.png in Resources */,
				716337391BD06B9000520A29 /* Icon-72.png in Resources */,
				716337341BD06B9000520A29 /* Icon-44@2x.png in Resources */,
				716336CF1BD0438600520A29 /* Assets.xcassets in Resources */,
				7163372F1BD06B9000520A29 /* Icon-50@2x.png in Resources */,
				7163372B1BD06B9000520A29 /* Icon-29@3x.png in Resources */,
				716337141BD06B8400520A29 /* iTunesArtwork@2x.png in Resources */,
				716337011BD06ACC00520A29 /* LICENSE in Resources */,
				7163373B1BD06B9000520A29 /* Icon-76.png in Resources */,
				716337371BD06B9000520A29 /* Icon-86@2x.png in Resources */,
				716336CD1BD0438600520A29 /* Main.storyboard in Resources */,
				716337351BD06B9000520A29 /* Icon-60@2x.png in Resources */,
				716337381BD06B9000520A29 /* Icon-98@2x.png in Resources */,
				716336FA1BD0450A00520A29 /* arrow_down@2x.png in Resources */,
				716336F91BD0450A00520A29 /* arrow_down.png in Resources */,
				7163372D1BD06B9000520A29 /* Icon-40@2x.png in Resources */,
				716337291BD06B9000520A29 /* Icon-Small-29.png in Resources */,
				7163372C1BD06B9000520A29 /* Icon-Small-40.png in Resources */,
				716337331BD06B9000520A29 /* Icon-27.5@2x.png in Resources */,
			);
			runOnlyForDeploymentPostprocessing = 0;
		};
		716336D61BD0438600520A29 /* Resources */ = {
			isa = PBXResourcesBuildPhase;
			buildActionMask = 2147483647;
			files = (
			);
			runOnlyForDeploymentPostprocessing = 0;
		};
		716336E11BD0438600520A29 /* Resources */ = {
			isa = PBXResourcesBuildPhase;
			buildActionMask = 2147483647;
			files = (
			);
			runOnlyForDeploymentPostprocessing = 0;
		};
/* End PBXResourcesBuildPhase section */

/* Begin PBXSourcesBuildPhase section */
		716336C01BD0438600520A29 /* Sources */ = {
			isa = PBXSourcesBuildPhase;
			buildActionMask = 2147483647;
			files = (
				716336FD1BD04BCB00520A29 /* DragItViewController.swift in Sources */,
				716336CA1BD0438600520A29 /* ViewController.swift in Sources */,
				716337061BD06AF400520A29 /* BouncerBehavior.swift in Sources */,
				716337071BD06AF400520A29 /* BouncerViewController.swift in Sources */,
				716336C81BD0438600520A29 /* AppDelegate.swift in Sources */,
			);
			runOnlyForDeploymentPostprocessing = 0;
		};
		716336D41BD0438600520A29 /* Sources */ = {
			isa = PBXSourcesBuildPhase;
			buildActionMask = 2147483647;
			files = (
				716336DD1BD0438600520A29 /* DragItTests.swift in Sources */,
			);
			runOnlyForDeploymentPostprocessing = 0;
		};
		716336DF1BD0438600520A29 /* Sources */ = {
			isa = PBXSourcesBuildPhase;
			buildActionMask = 2147483647;
			files = (
				716336E81BD0438600520A29 /* DragItUITests.swift in Sources */,
			);
			runOnlyForDeploymentPostprocessing = 0;
		};
/* End PBXSourcesBuildPhase section */

/* Begin PBXTargetDependency section */
		716336DA1BD0438600520A29 /* PBXTargetDependency */ = {
			isa = PBXTargetDependency;
			target = 716336C31BD0438600520A29 /* DragIt */;
			targetProxy = 716336D91BD0438600520A29 /* PBXContainerItemProxy */;
		};
		716336E51BD0438600520A29 /* PBXTargetDependency */ = {
			isa = PBXTargetDependency;
			target = 716336C31BD0438600520A29 /* DragIt */;
			targetProxy = 716336E41BD0438600520A29 /* PBXContainerItemProxy */;
		};
/* End PBXTargetDependency section */

/* Begin PBXVariantGroup section */
		716336CB1BD0438600520A29 /* Main.storyboard */ = {
			isa = PBXVariantGroup;
			children = (
				716336CC1BD0438600520A29 /* Base */,
			);
			name = Main.storyboard;
			sourceTree = "<group>";
		};
		716336D01BD0438600520A29 /* LaunchScreen.storyboard */ = {
			isa = PBXVariantGroup;
			children = (
				716336D11BD0438600520A29 /* Base */,
			);
			name = LaunchScreen.storyboard;
			sourceTree = "<group>";
		};
/* End PBXVariantGroup section */

/* Begin XCBuildConfiguration section */
		716336EA1BD0438600520A29 /* Debug */ = {
			isa = XCBuildConfiguration;
			buildSettings = {
				ALWAYS_SEARCH_USER_PATHS = NO;
				CLANG_CXX_LANGUAGE_STANDARD = "gnu++0x";
				CLANG_CXX_LIBRARY = "libc++";
				CLANG_ENABLE_MODULES = YES;
				CLANG_ENABLE_OBJC_ARC = YES;
				CLANG_WARN_BOOL_CONVERSION = YES;
				CLANG_WARN_CONSTANT_CONVERSION = YES;
				CLANG_WARN_DIRECT_OBJC_ISA_USAGE = YES_ERROR;
				CLANG_WARN_EMPTY_BODY = YES;
				CLANG_WARN_ENUM_CONVERSION = YES;
				CLANG_WARN_INT_CONVERSION = YES;
				CLANG_WARN_OBJC_ROOT_CLASS = YES_ERROR;
				CLANG_WARN_UNREACHABLE_CODE = YES;
				CLANG_WARN__DUPLICATE_METHOD_MATCH = YES;
				"CODE_SIGN_IDENTITY[sdk=iphoneos*]" = "iPhone Developer";
				COPY_PHASE_STRIP = NO;
				DEBUG_INFORMATION_FORMAT = dwarf;
				ENABLE_STRICT_OBJC_MSGSEND = YES;
				ENABLE_TESTABILITY = YES;
				GCC_C_LANGUAGE_STANDARD = gnu99;
				GCC_DYNAMIC_NO_PIC = NO;
				GCC_NO_COMMON_BLOCKS = YES;
				GCC_OPTIMIZATION_LEVEL = 0;
				GCC_PREPROCESSOR_DEFINITIONS = (
					"DEBUG=1",
					"$(inherited)",
				);
				GCC_WARN_64_TO_32_BIT_CONVERSION = YES;
				GCC_WARN_ABOUT_RETURN_TYPE = YES_ERROR;
				GCC_WARN_UNDECLARED_SELECTOR = YES;
				GCC_WARN_UNINITIALIZED_AUTOS = YES_AGGRESSIVE;
				GCC_WARN_UNUSED_FUNCTION = YES;
				GCC_WARN_UNUSED_VARIABLE = YES;
				IPHONEOS_DEPLOYMENT_TARGET = 9.0;
				MTL_ENABLE_DEBUG_INFO = YES;
				ONLY_ACTIVE_ARCH = YES;
				SDKROOT = iphoneos;
				SWIFT_OPTIMIZATION_LEVEL = "-Onone";
				TARGETED_DEVICE_FAMILY = "1,2";
			};
			name = Debug;
		};
		716336EB1BD0438600520A29 /* Release */ = {
			isa = XCBuildConfiguration;
			buildSettings = {
				ALWAYS_SEARCH_USER_PATHS = NO;
				CLANG_CXX_LANGUAGE_STANDARD = "gnu++0x";
				CLANG_CXX_LIBRARY = "libc++";
				CLANG_ENABLE_MODULES = YES;
				CLANG_ENABLE_OBJC_ARC = YES;
				CLANG_WARN_BOOL_CONVERSION = YES;
				CLANG_WARN_CONSTANT_CONVERSION = YES;
				CLANG_WARN_DIRECT_OBJC_ISA_USAGE = YES_ERROR;
				CLANG_WARN_EMPTY_BODY = YES;
				CLANG_WARN_ENUM_CONVERSION = YES;
				CLANG_WARN_INT_CONVERSION = YES;
				CLANG_WARN_OBJC_ROOT_CLASS = YES_ERROR;
				CLANG_WARN_UNREACHABLE_CODE = YES;
				CLANG_WARN__DUPLICATE_METHOD_MATCH = YES;
				"CODE_SIGN_IDENTITY[sdk=iphoneos*]" = "iPhone Developer";
				COPY_PHASE_STRIP = NO;
				DEBUG_INFORMATION_FORMAT = "dwarf-with-dsym";
				ENABLE_NS_ASSERTIONS = NO;
				ENABLE_STRICT_OBJC_MSGSEND = YES;
				GCC_C_LANGUAGE_STANDARD = gnu99;
				GCC_NO_COMMON_BLOCKS = YES;
				GCC_WARN_64_TO_32_BIT_CONVERSION = YES;
				GCC_WARN_ABOUT_RETURN_TYPE = YES_ERROR;
				GCC_WARN_UNDECLARED_SELECTOR = YES;
				GCC_WARN_UNINITIALIZED_AUTOS = YES_AGGRESSIVE;
				GCC_WARN_UNUSED_FUNCTION = YES;
				GCC_WARN_UNUSED_VARIABLE = YES;
				IPHONEOS_DEPLOYMENT_TARGET = 9.0;
				MTL_ENABLE_DEBUG_INFO = NO;
				SDKROOT = iphoneos;
				TARGETED_DEVICE_FAMILY = "1,2";
				VALIDATE_PRODUCT = YES;
			};
			name = Release;
		};
		716336ED1BD0438600520A29 /* Debug */ = {
			isa = XCBuildConfiguration;
			buildSettings = {
				ASSETCATALOG_COMPILER_APPICON_NAME = AppIcon;
				CODE_SIGN_IDENTITY = "iPhone Developer";
				INFOPLIST_FILE = DragIt/Info.plist;
				LD_RUNPATH_SEARCH_PATHS = "$(inherited) @executable_path/Frameworks";
				PRODUCT_BUNDLE_IDENTIFIER = com.garthmackenzie.DragIt;
				PRODUCT_NAME = "$(TARGET_NAME)";
			};
			name = Debug;
		};
		716336EE1BD0438600520A29 /* Release */ = {
			isa = XCBuildConfiguration;
			buildSettings = {
				ASSETCATALOG_COMPILER_APPICON_NAME = AppIcon;
				CODE_SIGN_IDENTITY = "iPhone Developer";
				INFOPLIST_FILE = DragIt/Info.plist;
				LD_RUNPATH_SEARCH_PATHS = "$(inherited) @executable_path/Frameworks";
				PRODUCT_BUNDLE_IDENTIFIER = com.garthmackenzie.DragIt;
				PRODUCT_NAME = "$(TARGET_NAME)";
			};
			name = Release;
		};
		716336F01BD0438600520A29 /* Debug */ = {
			isa = XCBuildConfiguration;
			buildSettings = {
				BUNDLE_LOADER = "$(TEST_HOST)";
				INFOPLIST_FILE = DragItTests/Info.plist;
				LD_RUNPATH_SEARCH_PATHS = "$(inherited) @executable_path/Frameworks @loader_path/Frameworks";
				PRODUCT_BUNDLE_IDENTIFIER = com.garthmackenzie.DragItTests;
				PRODUCT_NAME = "$(TARGET_NAME)";
				TEST_HOST = "$(BUILT_PRODUCTS_DIR)/DragIt.app/DragIt";
			};
			name = Debug;
		};
		716336F11BD0438600520A29 /* Release */ = {
			isa = XCBuildConfiguration;
			buildSettings = {
				BUNDLE_LOADER = "$(TEST_HOST)";
				INFOPLIST_FILE = DragItTests/Info.plist;
				LD_RUNPATH_SEARCH_PATHS = "$(inherited) @executable_path/Frameworks @loader_path/Frameworks";
				PRODUCT_BUNDLE_IDENTIFIER = com.garthmackenzie.DragItTests;
				PRODUCT_NAME = "$(TARGET_NAME)";
				TEST_HOST = "$(BUILT_PRODUCTS_DIR)/DragIt.app/DragIt";
			};
			name = Release;
		};
		716336F31BD0438600520A29 /* Debug */ = {
			isa = XCBuildConfiguration;
			buildSettings = {
				INFOPLIST_FILE = DragItUITests/Info.plist;
				LD_RUNPATH_SEARCH_PATHS = "$(inherited) @executable_path/Frameworks @loader_path/Frameworks";
				PRODUCT_BUNDLE_IDENTIFIER = com.garthmackenzie.DragItUITests;
				PRODUCT_NAME = "$(TARGET_NAME)";
				TEST_TARGET_NAME = DragIt;
				USES_XCTRUNNER = YES;
			};
			name = Debug;
		};
		716336F41BD0438600520A29 /* Release */ = {
			isa = XCBuildConfiguration;
			buildSettings = {
				INFOPLIST_FILE = DragItUITests/Info.plist;
				LD_RUNPATH_SEARCH_PATHS = "$(inherited) @executable_path/Frameworks @loader_path/Frameworks";
				PRODUCT_BUNDLE_IDENTIFIER = com.garthmackenzie.DragItUITests;
				PRODUCT_NAME = "$(TARGET_NAME)";
				TEST_TARGET_NAME = DragIt;
				USES_XCTRUNNER = YES;
			};
			name = Release;
		};
/* End XCBuildConfiguration section */

/* Begin XCConfigurationList section */
		716336BF1BD0438600520A29 /* Build configuration list for PBXProject "DragIt" */ = {
			isa = XCConfigurationList;
			buildConfigurations = (
				716336EA1BD0438600520A29 /* Debug */,
				716336EB1BD0438600520A29 /* Release */,
			);
			defaultConfigurationIsVisible = 0;
			defaultConfigurationName = Release;
		};
		716336EC1BD0438600520A29 /* Build configuration list for PBXNativeTarget "DragIt" */ = {
			isa = XCConfigurationList;
			buildConfigurations = (
				716336ED1BD0438600520A29 /* Debug */,
				716336EE1BD0438600520A29 /* Release */,
			);
			defaultConfigurationIsVisible = 0;
			defaultConfigurationName = Release;
		};
		716336EF1BD0438600520A29 /* Build configuration list for PBXNativeTarget "DragItTests" */ = {
			isa = XCConfigurationList;
			buildConfigurations = (
				716336F01BD0438600520A29 /* Debug */,
				716336F11BD0438600520A29 /* Release */,
			);
			defaultConfigurationIsVisible = 0;
			defaultConfigurationName = Release;
		};
		716336F21BD0438600520A29 /* Build configuration list for PBXNativeTarget "DragItUITests" */ = {
			isa = XCConfigurationList;
			buildConfigurations = (
				716336F31BD0438600520A29 /* Debug */,
				716336F41BD0438600520A29 /* Release */,
			);
			defaultConfigurationIsVisible = 0;
			defaultConfigurationName = Release;
		};
/* End XCConfigurationList section */
	};
	rootObject = 716336BC1BD0438600520A29 /* Project object */;
}
